// !$*UTF8*$!
{
	archiveVersion = 1;
	classes = {
	};
	objectVersion = 50;
	objects = {

/* Begin PBXBuildFile section */
		EE0296CE2198484200C29A85 /* AppDelegate.swift in Sources */ = {isa = PBXBuildFile; fileRef = EE0296CD2198484200C29A85 /* AppDelegate.swift */; };
		EE0296D02198484200C29A85 /* ViewController.swift in Sources */ = {isa = PBXBuildFile; fileRef = EE0296CF2198484200C29A85 /* ViewController.swift */; };
		EE0296D32198484200C29A85 /* Main.storyboard in Resources */ = {isa = PBXBuildFile; fileRef = EE0296D12198484200C29A85 /* Main.storyboard */; };
		EE0296D52198484300C29A85 /* Assets.xcassets in Resources */ = {isa = PBXBuildFile; fileRef = EE0296D42198484300C29A85 /* Assets.xcassets */; };
		EE0296D82198484300C29A85 /* LaunchScreen.storyboard in Resources */ = {isa = PBXBuildFile; fileRef = EE0296D62198484300C29A85 /* LaunchScreen.storyboard */; };
		EEB93B572199587D00910CB7 /* student.swift in Sources */ = {isa = PBXBuildFile; fileRef = EEB93B562199587D00910CB7 /* student.swift */; };
		EEB93B592199588800910CB7 /* teacher.swift in Sources */ = {isa = PBXBuildFile; fileRef = EEB93B582199588800910CB7 /* teacher.swift */; };
		EEB93B5B219958A300910CB7 /* person.swift in Sources */ = {isa = PBXBuildFile; fileRef = EEB93B5A219958A300910CB7 /* person.swift */; };
		EEB93B5D21995D0C00910CB7 /* StudentTableViewCell.swift in Sources */ = {isa = PBXBuildFile; fileRef = EEB93B5C21995D0C00910CB7 /* StudentTableViewCell.swift */; };
		EEB93B5F21995D3600910CB7 /* TeacherTableViewCell.swift in Sources */ = {isa = PBXBuildFile; fileRef = EEB93B5E21995D3600910CB7 /* TeacherTableViewCell.swift */; };
/* End PBXBuildFile section */

/* Begin PBXContainerItemProxy section */
		EE0296DF2198484300C29A85 /* PBXContainerItemProxy */ = {
			isa = PBXContainerItemProxy;
			containerPortal = EE0296C22198484200C29A85 /* Project object */;
			proxyType = 1;
			remoteGlobalIDString = EE0296C92198484200C29A85;
			remoteInfo = workEight;
		};
		EE0296EA2198484300C29A85 /* PBXContainerItemProxy */ = {
			isa = PBXContainerItemProxy;
			containerPortal = EE0296C22198484200C29A85 /* Project object */;
			proxyType = 1;
			remoteGlobalIDString = EE0296C92198484200C29A85;
			remoteInfo = workEight;
		};
/* End PBXContainerItemProxy section */

/* Begin PBXFileReference section */
		EE0296CA2198484200C29A85 /* workEight.app */ = {isa = PBXFileReference; explicitFileType = wrapper.application; includeInIndex = 0; path = workEight.app; sourceTree = BUILT_PRODUCTS_DIR; };
		EE0296CD2198484200C29A85 /* AppDelegate.swift */ = {isa = PBXFileReference; lastKnownFileType = sourcecode.swift; path = AppDelegate.swift; sourceTree = "<group>"; };
		EE0296CF2198484200C29A85 /* ViewController.swift */ = {isa = PBXFileReference; lastKnownFileType = sourcecode.swift; path = ViewController.swift; sourceTree = "<group>"; };
		EE0296D22198484200C29A85 /* Base */ = {isa = PBXFileReference; lastKnownFileType = file.storyboard; name = Base; path = Base.lproj/Main.storyboard; sourceTree = "<group>"; };
		EE0296D42198484300C29A85 /* Assets.xcassets */ = {isa = PBXFileReference; lastKnownFileType = folder.assetcatalog; path = Assets.xcassets; sourceTree = "<group>"; };
		EE0296D72198484300C29A85 /* Base */ = {isa = PBXFileReference; lastKnownFileType = file.storyboard; name = Base; path = Base.lproj/LaunchScreen.storyboard; sourceTree = "<group>"; };
		EE0296D92198484300C29A85 /* Info.plist */ = {isa = PBXFileReference; lastKnownFileType = text.plist.xml; path = Info.plist; sourceTree = "<group>"; };
		EE0296DE2198484300C29A85 /* workEightTests.xctest */ = {isa = PBXFileReference; explicitFileType = wrapper.cfbundle; includeInIndex = 0; path = workEightTests.xctest; sourceTree = BUILT_PRODUCTS_DIR; };
		EE0296E92198484300C29A85 /* workEightUITests.xctest */ = {isa = PBXFileReference; explicitFileType = wrapper.cfbundle; includeInIndex = 0; path = workEightUITests.xctest; sourceTree = BUILT_PRODUCTS_DIR; };
		EEB93B562199587D00910CB7 /* student.swift */ = {isa = PBXFileReference; lastKnownFileType = sourcecode.swift; path = student.swift; sourceTree = "<group>"; };
		EEB93B582199588800910CB7 /* teacher.swift */ = {isa = PBXFileReference; lastKnownFileType = sourcecode.swift; path = teacher.swift; sourceTree = "<group>"; };
		EEB93B5A219958A300910CB7 /* person.swift */ = {isa = PBXFileReference; lastKnownFileType = sourcecode.swift; path = person.swift; sourceTree = "<group>"; };
		EEB93B5C21995D0C00910CB7 /* StudentTableViewCell.swift */ = {isa = PBXFileReference; lastKnownFileType = sourcecode.swift; path = StudentTableViewCell.swift; sourceTree = "<group>"; };
		EEB93B5E21995D3600910CB7 /* TeacherTableViewCell.swift */ = {isa = PBXFileReference; lastKnownFileType = sourcecode.swift; path = TeacherTableViewCell.swift; sourceTree = "<group>"; };
/* End PBXFileReference section */

/* Begin PBXFrameworksBuildPhase section */
		EE0296C72198484200C29A85 /* Frameworks */ = {
			isa = PBXFrameworksBuildPhase;
			buildActionMask = 2147483647;
			files = (
			);
			runOnlyForDeploymentPostprocessing = 0;
		};
		EE0296DB2198484300C29A85 /* Frameworks */ = {
			isa = PBXFrameworksBuildPhase;
			buildActionMask = 2147483647;
			files = (
			);
			runOnlyForDeploymentPostprocessing = 0;
		};
		EE0296E62198484300C29A85 /* Frameworks */ = {
			isa = PBXFrameworksBuildPhase;
			buildActionMask = 2147483647;
			files = (
			);
			runOnlyForDeploymentPostprocessing = 0;
		};
/* End PBXFrameworksBuildPhase section */

/* Begin PBXGroup section */
		EE0296C12198484200C29A85 = {
			isa = PBXGroup;
			children = (
				EE0296CC2198484200C29A85 /* workEight */,
				EE0296CB2198484200C29A85 /* Products */,
			);
			sourceTree = "<group>";
		};
		EE0296CB2198484200C29A85 /* Products */ = {
			isa = PBXGroup;
			children = (
				EE0296CA2198484200C29A85 /* workEight.app */,
				EE0296DE2198484300C29A85 /* workEightTests.xctest */,
				EE0296E92198484300C29A85 /* workEightUITests.xctest */,
			);
			name = Products;
			sourceTree = "<group>";
		};
		EE0296CC2198484200C29A85 /* workEight */ = {
			isa = PBXGroup;
			children = (
				EE0296CD2198484200C29A85 /* AppDelegate.swift */,
				EE0296CF2198484200C29A85 /* ViewController.swift */,
				EE0296D12198484200C29A85 /* Main.storyboard */,
				EE0296D42198484300C29A85 /* Assets.xcassets */,
				EE0296D62198484300C29A85 /* LaunchScreen.storyboard */,
				EE0296D92198484300C29A85 /* Info.plist */,
				EEB93B562199587D00910CB7 /* student.swift */,
				EEB93B582199588800910CB7 /* teacher.swift */,
				EEB93B5A219958A300910CB7 /* person.swift */,
				EEB93B5C21995D0C00910CB7 /* StudentTableViewCell.swift */,
				EEB93B5E21995D3600910CB7 /* TeacherTableViewCell.swift */,
			);
			path = workEight;
			sourceTree = "<group>";
		};
/* End PBXGroup section */

/* Begin PBXNativeTarget section */
		EE0296C92198484200C29A85 /* workEight */ = {
			isa = PBXNativeTarget;
			buildConfigurationList = EE0296F22198484300C29A85 /* Build configuration list for PBXNativeTarget "workEight" */;
			buildPhases = (
				EE0296C62198484200C29A85 /* Sources */,
				EE0296C72198484200C29A85 /* Frameworks */,
				EE0296C82198484200C29A85 /* Resources */,
			);
			buildRules = (
			);
			dependencies = (
			);
			name = workEight;
			productName = workEight;
			productReference = EE0296CA2198484200C29A85 /* workEight.app */;
			productType = "com.apple.product-type.application";
		};
		EE0296DD2198484300C29A85 /* workEightTests */ = {
			isa = PBXNativeTarget;
			buildConfigurationList = EE0296F52198484300C29A85 /* Build configuration list for PBXNativeTarget "workEightTests" */;
			buildPhases = (
				EE0296DA2198484300C29A85 /* Sources */,
				EE0296DB2198484300C29A85 /* Frameworks */,
				EE0296DC2198484300C29A85 /* Resources */,
			);
			buildRules = (
			);
			dependencies = (
				EE0296E02198484300C29A85 /* PBXTargetDependency */,
			);
			name = workEightTests;
			productName = workEightTests;
			productReference = EE0296DE2198484300C29A85 /* workEightTests.xctest */;
			productType = "com.apple.product-type.bundle.unit-test";
		};
		EE0296E82198484300C29A85 /* workEightUITests */ = {
			isa = PBXNativeTarget;
			buildConfigurationList = EE0296F82198484300C29A85 /* Build configuration list for PBXNativeTarget "workEightUITests" */;
			buildPhases = (
				EE0296E52198484300C29A85 /* Sources */,
				EE0296E62198484300C29A85 /* Frameworks */,
				EE0296E72198484300C29A85 /* Resources */,
			);
			buildRules = (
			);
			dependencies = (
				EE0296EB2198484300C29A85 /* PBXTargetDependency */,
			);
			name = workEightUITests;
			productName = workEightUITests;
			productReference = EE0296E92198484300C29A85 /* workEightUITests.xctest */;
			productType = "com.apple.product-type.bundle.ui-testing";
		};
/* End PBXNativeTarget section */

/* Begin PBXProject section */
		EE0296C22198484200C29A85 /* Project object */ = {
			isa = PBXProject;
			attributes = {
				LastSwiftUpdateCheck = 0940;
				LastUpgradeCheck = 0940;
				ORGANIZATIONNAME = 2016110433;
				TargetAttributes = {
					EE0296C92198484200C29A85 = {
						CreatedOnToolsVersion = 9.4.1;
					};
					EE0296DD2198484300C29A85 = {
						CreatedOnToolsVersion = 9.4.1;
						TestTargetID = EE0296C92198484200C29A85;
					};
					EE0296E82198484300C29A85 = {
						CreatedOnToolsVersion = 9.4.1;
						TestTargetID = EE0296C92198484200C29A85;
					};
				};
			};
			buildConfigurationList = EE0296C52198484200C29A85 /* Build configuration list for PBXProject "workEight" */;
			compatibilityVersion = "Xcode 9.3";
			developmentRegion = en;
			hasScannedForEncodings = 0;
			knownRegions = (
				en,
				Base,
			);
			mainGroup = EE0296C12198484200C29A85;
			productRefGroup = EE0296CB2198484200C29A85 /* Products */;
			projectDirPath = "";
			projectRoot = "";
			targets = (
				EE0296C92198484200C29A85 /* workEight */,
				EE0296DD2198484300C29A85 /* workEightTests */,
				EE0296E82198484300C29A85 /* workEightUITests */,
			);
		};
/* End PBXProject section */

/* Begin PBXResourcesBuildPhase section */
		EE0296C82198484200C29A85 /* Resources */ = {
			isa = PBXResourcesBuildPhase;
			buildActionMask = 2147483647;
			files = (
				EE0296D82198484300C29A85 /* LaunchScreen.storyboard in Resources */,
				EE0296D52198484300C29A85 /* Assets.xcassets in Resources */,
				EE0296D32198484200C29A85 /* Main.storyboard in Resources */,
			);
			runOnlyForDeploymentPostprocessing = 0;
		};
		EE0296DC2198484300C29A85 /* Resources */ = {
			isa = PBXResourcesBuildPhase;
			buildActionMask = 2147483647;
			files = (
			);
			runOnlyForDeploymentPostprocessing = 0;
		};
		EE0296E72198484300C29A85 /* Resources */ = {
			isa = PBXResourcesBuildPhase;
			buildActionMask = 2147483647;
			files = (
			);
			runOnlyForDeploymentPostprocessing = 0;
		};
/* End PBXResourcesBuildPhase section */

/* Begin PBXSourcesBuildPhase section */
		EE0296C62198484200C29A85 /* Sources */ = {
			isa = PBXSourcesBuildPhase;
			buildActionMask = 2147483647;
			files = (
				EEB93B5F21995D3600910CB7 /* TeacherTableViewCell.swift in Sources */,
				EEB93B592199588800910CB7 /* teacher.swift in Sources */,
				EEB93B5B219958A300910CB7 /* person.swift in Sources */,
				EE0296D02198484200C29A85 /* ViewController.swift in Sources */,
				EE0296CE2198484200C29A85 /* AppDelegate.swift in Sources */,
				EEB93B572199587D00910CB7 /* student.swift in Sources */,
				EEB93B5D21995D0C00910CB7 /* StudentTableViewCell.swift in Sources */,
			);
			runOnlyForDeploymentPostprocessing = 0;
		};
		EE0296DA2198484300C29A85 /* Sources */ = {
			isa = PBXSourcesBuildPhase;
			buildActionMask = 2147483647;
			files = (
			);
			runOnlyForDeploymentPostprocessing = 0;
		};
		EE0296E52198484300C29A85 /* Sources */ = {
			isa = PBXSourcesBuildPhase;
			buildActionMask = 2147483647;
			files = (
			);
			runOnlyForDeploymentPostprocessing = 0;
		};
/* End PBXSourcesBuildPhase section */

/* Begin PBXTargetDependency section */
		EE0296E02198484300C29A85 /* PBXTargetDependency */ = {
			isa = PBXTargetDependency;
			target = EE0296C92198484200C29A85 /* workEight */;
			targetProxy = EE0296DF2198484300C29A85 /* PBXContainerItemProxy */;
		};
		EE0296EB2198484300C29A85 /* PBXTargetDependency */ = {
			isa = PBXTargetDependency;
			target = EE0296C92198484200C29A85 /* workEight */;
			targetProxy = EE0296EA2198484300C29A85 /* PBXContainerItemProxy */;
		};
/* End PBXTargetDependency section */

/* Begin PBXVariantGroup section */
		EE0296D12198484200C29A85 /* Main.storyboard */ = {
			isa = PBXVariantGroup;
			children = (
				EE0296D22198484200C29A85 /* Base */,
			);
			name = Main.storyboard;
			sourceTree = "<group>";
		};
		EE0296D62198484300C29A85 /* LaunchScreen.storyboard */ = {
			isa = PBXVariantGroup;
			children = (
				EE0296D72198484300C29A85 /* Base */,
			);
			name = LaunchScreen.storyboard;
			sourceTree = "<group>";
		};
/* End PBXVariantGroup section */

/* Begin XCBuildConfiguration section */
		EE0296F02198484300C29A85 /* Debug */ = {
			isa = XCBuildConfiguration;
			buildSettings = {
				ALWAYS_SEARCH_USER_PATHS = NO;
				CLANG_ANALYZER_NONNULL = YES;
				CLANG_ANALYZER_NUMBER_OBJECT_CONVERSION = YES_AGGRESSIVE;
				CLANG_CXX_LANGUAGE_STANDARD = "gnu++14";
				CLANG_CXX_LIBRARY = "libc++";
				CLANG_ENABLE_MODULES = YES;
				CLANG_ENABLE_OBJC_ARC = YES;
				CLANG_ENABLE_OBJC_WEAK = YES;
				CLANG_WARN_BLOCK_CAPTURE_AUTORELEASING = YES;
				CLANG_WARN_BOOL_CONVERSION = YES;
				CLANG_WARN_COMMA = YES;
				CLANG_WARN_CONSTANT_CONVERSION = YES;
				CLANG_WARN_DEPRECATED_OBJC_IMPLEMENTATIONS = YES;
				CLANG_WARN_DIRECT_OBJC_ISA_USAGE = YES_ERROR;
				CLANG_WARN_DOCUMENTATION_COMMENTS = YES;
				CLANG_WARN_EMPTY_BODY = YES;
				CLANG_WARN_ENUM_CONVERSION = YES;
				CLANG_WARN_INFINITE_RECURSION = YES;
				CLANG_WARN_INT_CONVERSION = YES;
				CLANG_WARN_NON_LITERAL_NULL_CONVERSION = YES;
				CLANG_WARN_OBJC_IMPLICIT_RETAIN_SELF = YES;
				CLANG_WARN_OBJC_LITERAL_CONVERSION = YES;
				CLANG_WARN_OBJC_ROOT_CLASS = YES_ERROR;
				CLANG_WARN_RANGE_LOOP_ANALYSIS = YES;
				CLANG_WARN_STRICT_PROTOTYPES = YES;
				CLANG_WARN_SUSPICIOUS_MOVE = YES;
				CLANG_WARN_UNGUARDED_AVAILABILITY = YES_AGGRESSIVE;
				CLANG_WARN_UNREACHABLE_CODE = YES;
				CLANG_WARN__DUPLICATE_METHOD_MATCH = YES;
				CODE_SIGN_IDENTITY = "iPhone Developer";
				COPY_PHASE_STRIP = NO;
				DEBUG_INFORMATION_FORMAT = dwarf;
				ENABLE_STRICT_OBJC_MSGSEND = YES;
				ENABLE_TESTABILITY = YES;
				GCC_C_LANGUAGE_STANDARD = gnu11;
				GCC_DYNAMIC_NO_PIC = NO;
				GCC_NO_COMMON_BLOCKS = YES;
				GCC_OPTIMIZATION_LEVEL = 0;
				GCC_PREPROCESSOR_DEFINITIONS = (
					"DEBUG=1",
					"$(inherited)",
				);
				GCC_WARN_64_TO_32_BIT_CONVERSION = YES;
				GCC_WARN_ABOUT_RETURN_TYPE = YES_ERROR;
				GCC_WARN_UNDECLARED_SELECTOR = YES;
				GCC_WARN_UNINITIALIZED_AUTOS = YES_AGGRESSIVE;
				GCC_WARN_UNUSED_FUNCTION = YES;
				GCC_WARN_UNUSED_VARIABLE = YES;
				IPHONEOS_DEPLOYMENT_TARGET = 11.4;
				MTL_ENABLE_DEBUG_INFO = YES;
				ONLY_ACTIVE_ARCH = YES;
				SDKROOT = iphoneos;
				SWIFT_ACTIVE_COMPILATION_CONDITIONS = DEBUG;
				SWIFT_OPTIMIZATION_LEVEL = "-Onone";
			};
			name = Debug;
		};
		EE0296F12198484300C29A85 /* Release */ = {
			isa = XCBuildConfiguration;
			buildSettings = {
				ALWAYS_SEARCH_USER_PATHS = NO;
				CLANG_ANALYZER_NONNULL = YES;
				CLANG_ANALYZER_NUMBER_OBJECT_CONVERSION = YES_AGGRESSIVE;
				CLANG_CXX_LANGUAGE_STANDARD = "gnu++14";
				CLANG_CXX_LIBRARY = "libc++";
				CLANG_ENABLE_MODULES = YES;
				CLANG_ENABLE_OBJC_ARC = YES;
				CLANG_ENABLE_OBJC_WEAK = YES;
				CLANG_WARN_BLOCK_CAPTURE_AUTORELEASING = YES;
				CLANG_WARN_BOOL_CONVERSION = YES;
				CLANG_WARN_COMMA = YES;
				CLANG_WARN_CONSTANT_CONVERSION = YES;
				CLANG_WARN_DEPRECATED_OBJC_IMPLEMENTATIONS = YES;
				CLANG_WARN_DIRECT_OBJC_ISA_USAGE = YES_ERROR;
				CLANG_WARN_DOCUMENTATION_COMMENTS = YES;
				CLANG_WARN_EMPTY_BODY = YES;
				CLANG_WARN_ENUM_CONVERSION = YES;
				CLANG_WARN_INFINITE_RECURSION = YES;
				CLANG_WARN_INT_CONVERSION = YES;
				CLANG_WARN_NON_LITERAL_NULL_CONVERSION = YES;
				CLANG_WARN_OBJC_IMPLICIT_RETAIN_SELF = YES;
				CLANG_WARN_OBJC_LITERAL_CONVERSION = YES;
				CLANG_WARN_OBJC_ROOT_CLASS = YES_ERROR;
				CLANG_WARN_RANGE_LOOP_ANALYSIS = YES;
				CLANG_WARN_STRICT_PROTOTYPES = YES;
				CLANG_WARN_SUSPICIOUS_MOVE = YES;
				CLANG_WARN_UNGUARDED_AVAILABILITY = YES_AGGRESSIVE;
				CLANG_WARN_UNREACHABLE_CODE = YES;
				CLANG_WARN__DUPLICATE_METHOD_MATCH = YES;
				CODE_SIGN_IDENTITY = "iPhone Developer";
				COPY_PHASE_STRIP = NO;
				DEBUG_INFORMATION_FORMAT = "dwarf-with-dsym";
				ENABLE_NS_ASSERTIONS = NO;
				ENABLE_STRICT_OBJC_MSGSEND = YES;
				GCC_C_LANGUAGE_STANDARD = gnu11;
				GCC_NO_COMMON_BLOCKS = YES;
				GCC_WARN_64_TO_32_BIT_CONVERSION = YES;
				GCC_WARN_ABOUT_RETURN_TYPE = YES_ERROR;
				GCC_WARN_UNDECLARED_SELECTOR = YES;
				GCC_WARN_UNINITIALIZED_AUTOS = YES_AGGRESSIVE;
				GCC_WARN_UNUSED_FUNCTION = YES;
				GCC_WARN_UNUSED_VARIABLE = YES;
				IPHONEOS_DEPLOYMENT_TARGET = 11.4;
				MTL_ENABLE_DEBUG_INFO = NO;
				SDKROOT = iphoneos;
				SWIFT_COMPILATION_MODE = wholemodule;
				SWIFT_OPTIMIZATION_LEVEL = "-O";
				VALIDATE_PRODUCT = YES;
			};
			name = Release;
		};
		EE0296F32198484300C29A85 /* Debug */ = {
			isa = XCBuildConfiguration;
			buildSettings = {
				ASSETCATALOG_COMPILER_APPICON_NAME = AppIcon;
				CODE_SIGN_STYLE = Automatic;
				DEVELOPMENT_TEAM = 2VLQ5AZ3L2;
				INFOPLIST_FILE = workEight/Info.plist;
				LD_RUNPATH_SEARCH_PATHS = (
					"$(inherited)",
					"@executable_path/Frameworks",
				);
				PRODUCT_BUNDLE_IDENTIFIER = oujie;
				PRODUCT_NAME = "$(TARGET_NAME)";
				SWIFT_VERSION = 4.0;
				TARGETED_DEVICE_FAMILY = "1,2";
			};
			name = Debug;
		};
		EE0296F42198484300C29A85 /* Release */ = {
			isa = XCBuildConfiguration;
			buildSettings = {
				ASSETCATALOG_COMPILER_APPICON_NAME = AppIcon;
				CODE_SIGN_STYLE = Automatic;
				DEVELOPMENT_TEAM = 2VLQ5AZ3L2;
				INFOPLIST_FILE = workEight/Info.plist;
				LD_RUNPATH_SEARCH_PATHS = (
					"$(inherited)",
					"@executable_path/Frameworks",
				);
				PRODUCT_BUNDLE_IDENTIFIER = oujie;
				PRODUCT_NAME = "$(TARGET_NAME)";
				SWIFT_VERSION = 4.0;
				TARGETED_DEVICE_FAMILY = "1,2";
			};
			name = Release;
		};
		EE0296F62198484300C29A85 /* Debug */ = {
			isa = XCBuildConfiguration;
			buildSettings = {
				ALWAYS_EMBED_SWIFT_STANDARD_LIBRARIES = YES;
				BUNDLE_LOADER = "$(TEST_HOST)";
				CODE_SIGN_STYLE = Automatic;
				DEVELOPMENT_TEAM = 2VLQ5AZ3L2;
				INFOPLIST_FILE = workEightTests/Info.plist;
				LD_RUNPATH_SEARCH_PATHS = (
					"$(inherited)",
					"@executable_path/Frameworks",
					"@loader_path/Frameworks",
				);
				PRODUCT_BUNDLE_IDENTIFIER = jiang.workEightTests;
				PRODUCT_NAME = "$(TARGET_NAME)";
				SWIFT_VERSION = 4.0;
				TARGETED_DEVICE_FAMILY = "1,2";
				TEST_HOST = "$(BUILT_PRODUCTS_DIR)/workEight.app/workEight";
			};
			name = Debug;
		};
		EE0296F72198484300C29A85 /* Release */ = {
			isa = XCBuildConfiguration;
			buildSettings = {
				ALWAYS_EMBED_SWIFT_STANDARD_LIBRARIES = YES;
				BUNDLE_LOADER = "$(TEST_HOST)";
				CODE_SIGN_STYLE = Automatic;
				DEVELOPMENT_TEAM = 2VLQ5AZ3L2;
				INFOPLIST_FILE = workEightTests/Info.plist;
				LD_RUNPATH_SEARCH_PATHS = (
					"$(inherited)",
					"@executable_path/Frameworks",
					"@loader_path/Frameworks",
				);
				PRODUCT_BUNDLE_IDENTIFIER = jiang.workEightTests;
				PRODUCT_NAME = "$(TARGET_NAME)";
				SWIFT_VERSION = 4.0;
				TARGETED_DEVICE_FAMILY = "1,2";
				TEST_HOST = "$(BUILT_PRODUCTS_DIR)/workEight.app/workEight";
			};
			name = Release;
		};
		EE0296F92198484300C29A85 /* Debug */ = {
			isa = XCBuildConfiguration;
			buildSettings = {
				ALWAYS_EMBED_SWIFT_STANDARD_LIBRARIES = YES;
				CODE_SIGN_STYLE = Automatic;
				DEVELOPMENT_TEAM = 2VLQ5AZ3L2;
				INFOPLIST_FILE = workEightUITests/Info.plist;
				LD_RUNPATH_SEARCH_PATHS = (
					"$(inherited)",
					"@executable_path/Frameworks",
					"@loader_path/Frameworks",
				);
				PRODUCT_BUNDLE_IDENTIFIER = jiang.workEightUITests;
				PRODUCT_NAME = "$(TARGET_NAME)";
				SWIFT_VERSION = 4.0;
				TARGETED_DEVICE_FAMILY = "1,2";
				TEST_TARGET_NAME = workEight;
			};
			name = Debug;
		};
		EE0296FA2198484300C29A85 /* Release */ = {
			isa = XCBuildConfiguration;
			buildSettings = {
				ALWAYS_EMBED_SWIFT_STANDARD_LIBRARIES = YES;
				CODE_SIGN_STYLE = Automatic;
				DEVELOPMENT_TEAM = 2VLQ5AZ3L2;
				INFOPLIST_FILE = workEightUITests/Info.plist;
				LD_RUNPATH_SEARCH_PATHS = (
					"$(inherited)",
					"@executable_path/Frameworks",
					"@loader_path/Frameworks",
				);
				PRODUCT_BUNDLE_IDENTIFIER = jiang.workEightUITests;
				PRODUCT_NAME = "$(TARGET_NAME)";
				SWIFT_VERSION = 4.0;
				TARGETED_DEVICE_FAMILY = "1,2";
				TEST_TARGET_NAME = workEight;
			};
			name = Release;
		};
/* End XCBuildConfiguration section */

/* Begin XCConfigurationList section */
		EE0296C52198484200C29A85 /* Build configuration list for PBXProject "workEight" */ = {
			isa = XCConfigurationList;
			buildConfigurations = (
				EE0296F02198484300C29A85 /* Debug */,
				EE0296F12198484300C29A85 /* Release */,
			);
			defaultConfigurationIsVisible = 0;
			defaultConfigurationName = Release;
		};
		EE0296F22198484300C29A85 /* Build configuration list for PBXNativeTarget "workEight" */ = {
			isa = XCConfigurationList;
			buildConfigurations = (
				EE0296F32198484300C29A85 /* Debug */,
				EE0296F42198484300C29A85 /* Release */,
			);
			defaultConfigurationIsVisible = 0;
			defaultConfigurationName = Release;
		};
		EE0296F52198484300C29A85 /* Build configuration list for PBXNativeTarget "workEightTests" */ = {
			isa = XCConfigurationList;
			buildConfigurations = (
				EE0296F62198484300C29A85 /* Debug */,
				EE0296F72198484300C29A85 /* Release */,
			);
			defaultConfigurationIsVisible = 0;
			defaultConfigurationName = Release;
		};
		EE0296F82198484300C29A85 /* Build configuration list for PBXNativeTarget "workEightUITests" */ = {
			isa = XCConfigurationList;
			buildConfigurations = (
				EE0296F92198484300C29A85 /* Debug */,
				EE0296FA2198484300C29A85 /* Release */,
			);
			defaultConfigurationIsVisible = 0;
			defaultConfigurationName = Release;
		};
/* End XCConfigurationList section */
	};
	rootObject = EE0296C22198484200C29A85 /* Project object */;
}
